
Microsoft Visual Studio Solution File, Format Version 12.00
# Visual Studio Version 16
VisualStudioVersion = 16.0.31025.194
MinimumVisualStudioVersion = 10.0.40219.1
Project("{FAE04EC0-301F-11D3-BF4B-00C04F79EFBC}") = "DealerPlatformApiDemo.Core", "DealerPlatformApiDemo.Core\DealerPlatformApiDemo.Core.csproj", "{A7D3F579-C979-4C72-BF81-44E2CE71BFC2}"
EndProject
Project("{FAE04EC0-301F-11D3-BF4B-00C04F79EFBC}") = "DealerPlatformApiDemo.Api", "DealerPlatformApiDemo.Api\DealerPlatformApiDemo.Api.csproj", "{F2298913-C674-4217-8AEC-38182D2BB847}"
EndProject
Global
	GlobalSection(SolutionConfigurationPlatforms) = preSolution
		Debug|Any CPU = Debug|Any CPU
		Release|Any CPU = Release|Any CPU
	EndGlobalSection
	GlobalSection(ProjectConfigurationPlatforms) = postSolution
		{A7D3F579-C979-4C72-BF81-44E2CE71BFC2}.Debug|Any CPU.ActiveCfg = Debug|Any CPU
		{A7D3F579-C979-4C72-BF81-44E2CE71BFC2}.Debug|Any CPU.Build.0 = Debug|Any CPU
		{A7D3F579-C979-4C72-BF81-44E2CE71BFC2}.Release|Any CPU.ActiveCfg = Release|Any CPU
		{A7D3F579-C979-4C72-BF81-44E2CE71BFC2}.Release|Any CPU.Build.0 = Release|Any CPU
		{F2298913-C674-4217-8AEC-38182D2BB847}.Debug|Any CPU.ActiveCfg = Debug|Any CPU
		{F2298913-C674-4217-8AEC-38182D2BB847}.Debug|Any CPU.Build.0 = Debug|Any CPU
		{F2298913-C674-4217-8AEC-38182D2BB847}.Release|Any CPU.ActiveCfg = Release|Any CPU
		{F2298913-C674-4217-8AEC-38182D2BB847}.Release|Any CPU.Build.0 = Release|Any CPU
	EndGlobalSection
	GlobalSection(SolutionProperties) = preSolution
		HideSolutionNode = FALSE
	EndGlobalSection
	GlobalSection(ExtensibilityGlobals) = postSolution
		SolutionGuid = {998A087D-852C-417D-AB3F-9BE78154EE78}
	EndGlobalSection
EndGlobal
